
Microsoft Visual Studio Solution File, Format Version 12.00
# Visual Studio 2012
Project("{FAE04EC0-301F-11D3-BF4B-00C04F79EFBC}") = "MvcMovie", "MvcMovie\MvcMovie.csproj", "{F6B5C92F-FCB3-485E-9D72-8D2231D28892}"
EndProject
Global
	GlobalSection(SolutionConfigurationPlatforms) = preSolution
		Debug|Any CPU = Debug|Any CPU
		Release|Any CPU = Release|Any CPU
	EndGlobalSection
	GlobalSection(ProjectConfigurationPlatforms) = postSolution
		{F6B5C92F-FCB3-485E-9D72-8D2231D28892}.Debug|Any CPU.ActiveCfg = Debug|Any CPU
		{F6B5C92F-FCB3-485E-9D72-8D2231D28892}.Debug|Any CPU.Build.0 = Debug|Any CPU
		{F6B5C92F-FCB3-485E-9D72-8D2231D28892}.Release|Any CPU.ActiveCfg = Release|Any CPU
		{F6B5C92F-FCB3-485E-9D72-8D2231D28892}.Release|Any CPU.Build.0 = Release|Any CPU
	EndGlobalSection
	GlobalSection(SolutionProperties) = preSolution
		HideSolutionNode = FALSE
	EndGlobalSection
EndGlobal
